
Microsoft Visual Studio Solution File, Format Version 12.00
# Visual Studio Version 17
VisualStudioVersion = 17.13.35825.156 d17.13
MinimumVisualStudioVersion = 10.0.40219.1
Project("{FAE04EC0-301F-11D3-BF4B-00C04F79EFBC}") = "NotificationService", "NotificationService\NotificationService.csproj", "{DB1E1FEB-7D8E-4F0F-8177-4626EE2875D2}"
EndProject
Global
	GlobalSection(SolutionConfigurationPlatforms) = preSolution
		Debug|Any CPU = Debug|Any CPU
		Release|Any CPU = Release|Any CPU
	EndGlobalSection
	GlobalSection(ProjectConfigurationPlatforms) = postSolution
		{DB1E1FEB-7D8E-4F0F-8177-4626EE2875D2}.Debug|Any CPU.ActiveCfg = Debug|Any CPU
		{DB1E1FEB-7D8E-4F0F-8177-4626EE2875D2}.Debug|Any CPU.Build.0 = Debug|Any CPU
		{DB1E1FEB-7D8E-4F0F-8177-4626EE2875D2}.Release|Any CPU.ActiveCfg = Release|Any CPU
		{DB1E1FEB-7D8E-4F0F-8177-4626EE2875D2}.Release|Any CPU.Build.0 = Release|Any CPU
	EndGlobalSection
	GlobalSection(SolutionProperties) = preSolution
		HideSolutionNode = FALSE
	EndGlobalSection
	GlobalSection(ExtensibilityGlobals) = postSolution
		SolutionGuid = {47B682E4-A1A0-4920-9278-04F85320D973}
	EndGlobalSection
EndGlobal
