
Microsoft Visual Studio Solution File, Format Version 12.00
# Visual Studio Version 17
VisualStudioVersion = 17.13.35825.156 d17.13
MinimumVisualStudioVersion = 10.0.40219.1
Project("{FAE04EC0-301F-11D3-BF4B-00C04F79EFBC}") = "EnrollmentService", "EnrollmentService\EnrollmentService.csproj", "{5CA65657-D9E0-456C-A59A-E11C0B728BD2}"
EndProject
Global
	GlobalSection(SolutionConfigurationPlatforms) = preSolution
		Debug|Any CPU = Debug|Any CPU
		Release|Any CPU = Release|Any CPU
	EndGlobalSection
	GlobalSection(ProjectConfigurationPlatforms) = postSolution
		{5CA65657-D9E0-456C-A59A-E11C0B728BD2}.Debug|Any CPU.ActiveCfg = Debug|Any CPU
		{5CA65657-D9E0-456C-A59A-E11C0B728BD2}.Debug|Any CPU.Build.0 = Debug|Any CPU
		{5CA65657-D9E0-456C-A59A-E11C0B728BD2}.Release|Any CPU.ActiveCfg = Release|Any CPU
		{5CA65657-D9E0-456C-A59A-E11C0B728BD2}.Release|Any CPU.Build.0 = Release|Any CPU
	EndGlobalSection
	GlobalSection(SolutionProperties) = preSolution
		HideSolutionNode = FALSE
	EndGlobalSection
	GlobalSection(ExtensibilityGlobals) = postSolution
		SolutionGuid = {6090E310-EB5B-4357-8C3C-FF14A966E321}
	EndGlobalSection
EndGlobal
