Microsoft Visual Studio Solution File, Format Version 12.00
# Visual Studio Version 17
VisualStudioVersion = 17.5.2.0
MinimumVisualStudioVersion = 10.0.40219.1
Project("{FAE04EC0-301F-11D3-BF4B-00C04F79EFBC}") = "MajorService", "MajorService.csproj", "{C23FACC2-40B4-CD40-0A17-E377D79C4261}"
EndProject
Global
	GlobalSection(SolutionConfigurationPlatforms) = preSolution
		Debug|Any CPU = Debug|Any CPU
		Release|Any CPU = Release|Any CPU
	EndGlobalSection
	GlobalSection(ProjectConfigurationPlatforms) = postSolution
		{C23FACC2-40B4-CD40-0A17-E377D79C4261}.Debug|Any CPU.ActiveCfg = Debug|Any CPU
		{C23FACC2-40B4-CD40-0A17-E377D79C4261}.Debug|Any CPU.Build.0 = Debug|Any CPU
		{C23FACC2-40B4-CD40-0A17-E377D79C4261}.Release|Any CPU.ActiveCfg = Release|Any CPU
		{C23FACC2-40B4-CD40-0A17-E377D79C4261}.Release|Any CPU.Build.0 = Release|Any CPU
	EndGlobalSection
	GlobalSection(SolutionProperties) = preSolution
		HideSolutionNode = FALSE
	EndGlobalSection
	GlobalSection(ExtensibilityGlobals) = postSolution
		SolutionGuid = {E9F7B3C3-EEF7-4AC0-BB91-1EFA4127A2B3}
	EndGlobalSection
EndGlobal
