
Microsoft Visual Studio Solution File, Format Version 12.00
# Visual Studio Version 17
VisualStudioVersion = 17.13.35825.156 d17.13
MinimumVisualStudioVersion = 10.0.40219.1
Project("{FAE04EC0-301F-11D3-BF4B-00C04F79EFBC}") = "StudentService", "StudentService\StudentService.csproj", "{7940FCBD-9637-4561-A904-A04E5649FCA8}"
EndProject
Global
	GlobalSection(SolutionConfigurationPlatforms) = preSolution
		Debug|Any CPU = Debug|Any CPU
		Release|Any CPU = Release|Any CPU
	EndGlobalSection
	GlobalSection(ProjectConfigurationPlatforms) = postSolution
		{7940FCBD-9637-4561-A904-A04E5649FCA8}.Debug|Any CPU.ActiveCfg = Debug|Any CPU
		{7940FCBD-9637-4561-A904-A04E5649FCA8}.Debug|Any CPU.Build.0 = Debug|Any CPU
		{7940FCBD-9637-4561-A904-A04E5649FCA8}.Release|Any CPU.ActiveCfg = Release|Any CPU
		{7940FCBD-9637-4561-A904-A04E5649FCA8}.Release|Any CPU.Build.0 = Release|Any CPU
	EndGlobalSection
	GlobalSection(SolutionProperties) = preSolution
		HideSolutionNode = FALSE
	EndGlobalSection
	GlobalSection(ExtensibilityGlobals) = postSolution
		SolutionGuid = {61C0E048-059D-45DC-9468-4F0B48022C80}
	EndGlobalSection
EndGlobal
